
Microsoft Visual Studio Solution File, Format Version 12.00
# Visual Studio Version 17
VisualStudioVersion = 17.8.34525.116
MinimumVisualStudioVersion = 10.0.40219.1
Project("{FAE04EC0-301F-11D3-BF4B-00C04F79EFBC}") = "frequencyDistribtion", "frequencyDistribtion\frequencyDistribtion.csproj", "{F7F32473-F9E6-491F-904D-1BB7034CE84C}"
EndProject
Global
	GlobalSection(SolutionConfigurationPlatforms) = preSolution
		Debug|Any CPU = Debug|Any CPU
		Release|Any CPU = Release|Any CPU
	EndGlobalSection
	GlobalSection(ProjectConfigurationPlatforms) = postSolution
		{F7F32473-F9E6-491F-904D-1BB7034CE84C}.Debug|Any CPU.ActiveCfg = Debug|Any CPU
		{F7F32473-F9E6-491F-904D-1BB7034CE84C}.Debug|Any CPU.Build.0 = Debug|Any CPU
		{F7F32473-F9E6-491F-904D-1BB7034CE84C}.Release|Any CPU.ActiveCfg = Release|Any CPU
		{F7F32473-F9E6-491F-904D-1BB7034CE84C}.Release|Any CPU.Build.0 = Release|Any CPU
	EndGlobalSection
	GlobalSection(SolutionProperties) = preSolution
		HideSolutionNode = FALSE
	EndGlobalSection
	GlobalSection(ExtensibilityGlobals) = postSolution
		SolutionGuid = {A998D187-2D86-4C2E-BEE4-1CE8CD2E1EF7}
	EndGlobalSection
EndGlobal
